// !$*UTF8*$!
{
	archiveVersion = 1;
	classes = {
	};
	objectVersion = 52;
	objects = {

/* Begin PBXBuildFile section */
		FD5F98032352CE82004104D8 /* main.cpp in Sources */ = {isa = PBXBuildFile; fileRef = FD5F98022352CE82004104D8 /* main.cpp */; };
		FD9698AB2353C82500FF7167 /* io.cpp in Sources */ = {isa = PBXBuildFile; fileRef = FD9698A92353C82500FF7167 /* io.cpp */; };
		FD9698AE2353C92800FF7167 /* utilities.cpp in Sources */ = {isa = PBXBuildFile; fileRef = FD9698AC2353C92800FF7167 /* utilities.cpp */; };
		FD9698B12353C99200FF7167 /* parameters.cpp in Sources */ = {isa = PBXBuildFile; fileRef = FD9698AF2353C99200FF7167 /* parameters.cpp */; };
		FD9698B42353CAD100FF7167 /* symbolic.cpp in Sources */ = {isa = PBXBuildFile; fileRef = FD9698B22353CAD100FF7167 /* symbolic.cpp */; };
		FD9698B72353CAF800FF7167 /* ca_util.cpp in Sources */ = {isa = PBXBuildFile; fileRef = FD9698B52353CAF800FF7167 /* ca_util.cpp */; };
		FD9698BA2353CFE700FF7167 /* visualizer.cpp in Sources */ = {isa = PBXBuildFile; fileRef = FD9698B82353CFE700FF7167 /* visualizer.cpp */; };
/* End PBXBuildFile section */

/* Begin PBXCopyFilesBuildPhase section */
		FD5F97FD2352CE82004104D8 /* CopyFiles */ = {
			isa = PBXCopyFilesBuildPhase;
			buildActionMask = 2147483647;
			dstPath = /usr/share/man/man1/;
			dstSubfolderSpec = 0;
			files = (
			);
			runOnlyForDeploymentPostprocessing = 1;
		};
/* End PBXCopyFilesBuildPhase section */

/* Begin PBXFileReference section */
		FD5F97FF2352CE82004104D8 /* ua */ = {isa = PBXFileReference; explicitFileType = "compiled.mach-o.executable"; includeInIndex = 0; path = ua; sourceTree = BUILT_PRODUCTS_DIR; };
		FD5F98022352CE82004104D8 /* main.cpp */ = {isa = PBXFileReference; lastKnownFileType = sourcecode.cpp.cpp; path = main.cpp; sourceTree = "<group>"; };
		FD9698A82353C7AD00FF7167 /* structures.hpp */ = {isa = PBXFileReference; lastKnownFileType = sourcecode.cpp.h; path = structures.hpp; sourceTree = "<group>"; };
		FD9698A92353C82500FF7167 /* io.cpp */ = {isa = PBXFileReference; lastKnownFileType = sourcecode.cpp.cpp; path = io.cpp; sourceTree = "<group>"; };
		FD9698AA2353C82500FF7167 /* io.hpp */ = {isa = PBXFileReference; lastKnownFileType = sourcecode.cpp.h; path = io.hpp; sourceTree = "<group>"; };
		FD9698AC2353C92800FF7167 /* utilities.cpp */ = {isa = PBXFileReference; lastKnownFileType = sourcecode.cpp.cpp; path = utilities.cpp; sourceTree = "<group>"; };
		FD9698AD2353C92800FF7167 /* utilities.hpp */ = {isa = PBXFileReference; lastKnownFileType = sourcecode.cpp.h; path = utilities.hpp; sourceTree = "<group>"; };
		FD9698AF2353C99200FF7167 /* parameters.cpp */ = {isa = PBXFileReference; lastKnownFileType = sourcecode.cpp.cpp; path = parameters.cpp; sourceTree = "<group>"; };
		FD9698B02353C99200FF7167 /* parameters.hpp */ = {isa = PBXFileReference; lastKnownFileType = sourcecode.cpp.h; path = parameters.hpp; sourceTree = "<group>"; };
		FD9698B22353CAD100FF7167 /* symbolic.cpp */ = {isa = PBXFileReference; lastKnownFileType = sourcecode.cpp.cpp; path = symbolic.cpp; sourceTree = "<group>"; };
		FD9698B32353CAD100FF7167 /* symbolic.hpp */ = {isa = PBXFileReference; lastKnownFileType = sourcecode.cpp.h; path = symbolic.hpp; sourceTree = "<group>"; };
		FD9698B52353CAF800FF7167 /* ca_util.cpp */ = {isa = PBXFileReference; lastKnownFileType = sourcecode.cpp.cpp; path = ca_util.cpp; sourceTree = "<group>"; };
		FD9698B62353CAF800FF7167 /* ca_util.hpp */ = {isa = PBXFileReference; lastKnownFileType = sourcecode.cpp.h; path = ca_util.hpp; sourceTree = "<group>"; };
		FD9698B82353CFE700FF7167 /* visualizer.cpp */ = {isa = PBXFileReference; lastKnownFileType = sourcecode.cpp.cpp; path = visualizer.cpp; sourceTree = "<group>"; };
		FD9698B92353CFE700FF7167 /* visualizer.hpp */ = {isa = PBXFileReference; lastKnownFileType = sourcecode.cpp.h; path = visualizer.hpp; sourceTree = "<group>"; };
/* End PBXFileReference section */

/* Begin PBXFrameworksBuildPhase section */
		FD5F97FC2352CE82004104D8 /* Frameworks */ = {
			isa = PBXFrameworksBuildPhase;
			buildActionMask = 2147483647;
			files = (
			);
			runOnlyForDeploymentPostprocessing = 0;
		};
/* End PBXFrameworksBuildPhase section */

/* Begin PBXGroup section */
		FD5F97F62352CE82004104D8 = {
			isa = PBXGroup;
			children = (
				FD5F98012352CE82004104D8 /* ua */,
				FD5F98002352CE82004104D8 /* Products */,
			);
			sourceTree = "<group>";
		};
		FD5F98002352CE82004104D8 /* Products */ = {
			isa = PBXGroup;
			children = (
				FD5F97FF2352CE82004104D8 /* ua */,
			);
			name = Products;
			sourceTree = "<group>";
		};
		FD5F98012352CE82004104D8 /* ua */ = {
			isa = PBXGroup;
			children = (
				FD5F98022352CE82004104D8 /* main.cpp */,
				FD9698A82353C7AD00FF7167 /* structures.hpp */,
				FD9698B82353CFE700FF7167 /* visualizer.cpp */,
				FD9698B92353CFE700FF7167 /* visualizer.hpp */,
				FD9698B22353CAD100FF7167 /* symbolic.cpp */,
				FD9698B32353CAD100FF7167 /* symbolic.hpp */,
				FD9698B52353CAF800FF7167 /* ca_util.cpp */,
				FD9698B62353CAF800FF7167 /* ca_util.hpp */,
				FD9698AC2353C92800FF7167 /* utilities.cpp */,
				FD9698AD2353C92800FF7167 /* utilities.hpp */,
				FD9698AF2353C99200FF7167 /* parameters.cpp */,
				FD9698B02353C99200FF7167 /* parameters.hpp */,
				FD9698A92353C82500FF7167 /* io.cpp */,
				FD9698AA2353C82500FF7167 /* io.hpp */,
			);
			path = ua;
			sourceTree = "<group>";
		};
/* End PBXGroup section */

/* Begin PBXNativeTarget section */
		FD5F97FE2352CE82004104D8 /* ua */ = {
			isa = PBXNativeTarget;
			buildConfigurationList = FD5F98062352CE82004104D8 /* Build configuration list for PBXNativeTarget "ua" */;
			buildPhases = (
				FD5F97FB2352CE82004104D8 /* Sources */,
				FD5F97FC2352CE82004104D8 /* Frameworks */,
				FD5F97FD2352CE82004104D8 /* CopyFiles */,
			);
			buildRules = (
			);
			dependencies = (
			);
			name = ua;
			productName = ua;
			productReference = FD5F97FF2352CE82004104D8 /* ua */;
			productType = "com.apple.product-type.tool";
		};
/* End PBXNativeTarget section */

/* Begin PBXProject section */
		FD5F97F72352CE82004104D8 /* Project object */ = {
			isa = PBXProject;
			attributes = {
				LastUpgradeCheck = 1110;
				ORGANIZATIONNAME = "Daniel Rehman";
				TargetAttributes = {
					FD5F97FE2352CE82004104D8 = {
						CreatedOnToolsVersion = 11.0;
					};
				};
			};
			buildConfigurationList = FD5F97FA2352CE82004104D8 /* Build configuration list for PBXProject "ua" */;
			compatibilityVersion = "Xcode 11.0";
			developmentRegion = en;
			hasScannedForEncodings = 0;
			knownRegions = (
				en,
				Base,
			);
			mainGroup = FD5F97F62352CE82004104D8;
			productRefGroup = FD5F98002352CE82004104D8 /* Products */;
			projectDirPath = "";
			projectRoot = "";
			targets = (
				FD5F97FE2352CE82004104D8 /* ua */,
			);
		};
/* End PBXProject section */

/* Begin PBXSourcesBuildPhase section */
		FD5F97FB2352CE82004104D8 /* Sources */ = {
			isa = PBXSourcesBuildPhase;
			buildActionMask = 2147483647;
			files = (
				FD9698AE2353C92800FF7167 /* utilities.cpp in Sources */,
				FD9698B72353CAF800FF7167 /* ca_util.cpp in Sources */,
				FD5F98032352CE82004104D8 /* main.cpp in Sources */,
				FD9698AB2353C82500FF7167 /* io.cpp in Sources */,
				FD9698B42353CAD100FF7167 /* symbolic.cpp in Sources */,
				FD9698B12353C99200FF7167 /* parameters.cpp in Sources */,
				FD9698BA2353CFE700FF7167 /* visualizer.cpp in Sources */,
			);
			runOnlyForDeploymentPostprocessing = 0;
		};
/* End PBXSourcesBuildPhase section */

/* Begin XCBuildConfiguration section */
		FD5F98042352CE82004104D8 /* Debug */ = {
			isa = XCBuildConfiguration;
			buildSettings = {
				ALWAYS_SEARCH_USER_PATHS = NO;
				CLANG_CXX_LANGUAGE_STANDARD = "c++17";
				CLANG_CXX_LIBRARY = "libc++";
				SYSTEM_HEADER_SEARCH_PATHS = "/Applications/Xcode.app/Contents/Developer/Toolchains/XcodeDefault.xctoolchain/usr/include/c++/v1/";
			};
			name = Debug;
		};
		FD5F98052352CE82004104D8 /* Release */ = {
			isa = XCBuildConfiguration;
			buildSettings = {
				ALWAYS_SEARCH_USER_PATHS = NO;
				CLANG_CXX_LANGUAGE_STANDARD = "c++17";
				CLANG_CXX_LIBRARY = "libc++";
				SYSTEM_HEADER_SEARCH_PATHS = "/Applications/Xcode.app/Contents/Developer/Toolchains/XcodeDefault.xctoolchain/usr/include/c++/v1/";
			};
			name = Release;
		};
		FD5F98072352CE82004104D8 /* Debug */ = {
			isa = XCBuildConfiguration;
			buildSettings = {
				CLANG_CXX_LANGUAGE_STANDARD = "c++17";
				CLANG_CXX_LIBRARY = "libc++";
				CODE_SIGN_IDENTITY = "-";
				CODE_SIGN_STYLE = Automatic;
				DEVELOPMENT_TEAM = JTMD2SW5KN;
				ENABLE_HARDENED_RUNTIME = YES;
				GCC_WARN_PEDANTIC = NO;
				INSTALL_PATH = "";
				MACOSX_DEPLOYMENT_TARGET = 10.15;
				OTHER_CPLUSPLUSFLAGS = "$(OTHER_CFLAGS)";
				PRODUCT_NAME = "$(TARGET_NAME)";
			};
			name = Debug;
		};
		FD5F98082352CE82004104D8 /* Release */ = {
			isa = XCBuildConfiguration;
			buildSettings = {
				CLANG_CXX_LANGUAGE_STANDARD = "c++17";
				CLANG_CXX_LIBRARY = "libc++";
				CODE_SIGN_IDENTITY = "-";
				CODE_SIGN_STYLE = Automatic;
				DEVELOPMENT_TEAM = JTMD2SW5KN;
				ENABLE_HARDENED_RUNTIME = YES;
				GCC_WARN_PEDANTIC = NO;
				INSTALL_PATH = "";
				"INSTALL_PATH[sdk=*]" = "";
				MACOSX_DEPLOYMENT_TARGET = 10.15;
				OTHER_CPLUSPLUSFLAGS = "$(OTHER_CFLAGS)";
				PRODUCT_NAME = "$(TARGET_NAME)";
			};
			name = Release;
		};
/* End XCBuildConfiguration section */

/* Begin XCConfigurationList section */
		FD5F97FA2352CE82004104D8 /* Build configuration list for PBXProject "ua" */ = {
			isa = XCConfigurationList;
			buildConfigurations = (
				FD5F98042352CE82004104D8 /* Debug */,
				FD5F98052352CE82004104D8 /* Release */,
			);
			defaultConfigurationIsVisible = 0;
			defaultConfigurationName = Release;
		};
		FD5F98062352CE82004104D8 /* Build configuration list for PBXNativeTarget "ua" */ = {
			isa = XCConfigurationList;
			buildConfigurations = (
				FD5F98072352CE82004104D8 /* Debug */,
				FD5F98082352CE82004104D8 /* Release */,
			);
			defaultConfigurationIsVisible = 0;
			defaultConfigurationName = Release;
		};
/* End XCConfigurationList section */
	};
	rootObject = FD5F97F72352CE82004104D8 /* Project object */;
}
