// !$*UTF8*$!
{
	archiveVersion = 1;
	classes = {
	};
	objectVersion = 50;
	objects = {

/* Begin PBXBuildFile section */
		FD38600E248C4A7600B51168 /* converter.c in Sources */ = {isa = PBXBuildFile; fileRef = FD38600D248C4A7600B51168 /* converter.c */; };
		FD50059C2487713900A8E383 /* main.c in Sources */ = {isa = PBXBuildFile; fileRef = FD50059B2487713900A8E383 /* main.c */; };
		FD5005A02487730E00A8E383 /* vector.c in Sources */ = {isa = PBXBuildFile; fileRef = FD50059F2487730E00A8E383 /* vector.c */; };
		FD5005A32487754400A8E383 /* io.c in Sources */ = {isa = PBXBuildFile; fileRef = FD5005A22487754400A8E383 /* io.c */; };
		FD5005A62487788D00A8E383 /* hgrid.c in Sources */ = {isa = PBXBuildFile; fileRef = FD5005A52487788D00A8E383 /* hgrid.c */; };
		FD5005A9248778CF00A8E383 /* ca.c in Sources */ = {isa = PBXBuildFile; fileRef = FD5005A8248778CF00A8E383 /* ca.c */; };
		FD5005AC24877A9500A8E383 /* parameters.c in Sources */ = {isa = PBXBuildFile; fileRef = FD5005AB24877A9500A8E383 /* parameters.c */; };
		FD5175262489FB2900E59A65 /* help.c in Sources */ = {isa = PBXBuildFile; fileRef = FD5175252489FB2900E59A65 /* help.c */; };
		FD5175292489FBA200E59A65 /* commands.c in Sources */ = {isa = PBXBuildFile; fileRef = FD5175282489FBA200E59A65 /* commands.c */; };
/* End PBXBuildFile section */

/* Begin PBXCopyFilesBuildPhase section */
		FD50058F248770E800A8E383 /* CopyFiles */ = {
			isa = PBXCopyFilesBuildPhase;
			buildActionMask = 2147483647;
			dstPath = /usr/share/man/man1/;
			dstSubfolderSpec = 0;
			files = (
			);
			runOnlyForDeploymentPostprocessing = 1;
		};
/* End PBXCopyFilesBuildPhase section */

/* Begin PBXFileReference section */
		FD38600C248C4A7600B51168 /* converter.h */ = {isa = PBXFileReference; fileEncoding = 4; lastKnownFileType = sourcecode.c.h; name = converter.h; path = ../../source/converter.h; sourceTree = "<group>"; };
		FD38600D248C4A7600B51168 /* converter.c */ = {isa = PBXFileReference; fileEncoding = 4; lastKnownFileType = sourcecode.c.c; name = converter.c; path = ../../source/converter.c; sourceTree = "<group>"; };
		FD500591248770E800A8E383 /* ua */ = {isa = PBXFileReference; explicitFileType = "compiled.mach-o.executable"; includeInIndex = 0; path = ua; sourceTree = BUILT_PRODUCTS_DIR; };
		FD50059B2487713900A8E383 /* main.c */ = {isa = PBXFileReference; fileEncoding = 4; lastKnownFileType = sourcecode.c.c; name = main.c; path = ../../source/main.c; sourceTree = "<group>"; };
		FD50059D2487714F00A8E383 /* structures.h */ = {isa = PBXFileReference; lastKnownFileType = sourcecode.c.h; name = structures.h; path = ../../source/structures.h; sourceTree = "<group>"; };
		FD50059E2487730E00A8E383 /* vector.h */ = {isa = PBXFileReference; lastKnownFileType = sourcecode.c.h; name = vector.h; path = ../../source/vector.h; sourceTree = "<group>"; };
		FD50059F2487730E00A8E383 /* vector.c */ = {isa = PBXFileReference; lastKnownFileType = sourcecode.c.c; name = vector.c; path = ../../source/vector.c; sourceTree = "<group>"; };
		FD5005A12487754400A8E383 /* io.h */ = {isa = PBXFileReference; lastKnownFileType = sourcecode.c.h; name = io.h; path = ../../source/io.h; sourceTree = "<group>"; };
		FD5005A22487754400A8E383 /* io.c */ = {isa = PBXFileReference; lastKnownFileType = sourcecode.c.c; name = io.c; path = ../../source/io.c; sourceTree = "<group>"; };
		FD5005A42487788D00A8E383 /* hgrid.h */ = {isa = PBXFileReference; lastKnownFileType = sourcecode.c.h; name = hgrid.h; path = ../../source/hgrid.h; sourceTree = "<group>"; };
		FD5005A52487788D00A8E383 /* hgrid.c */ = {isa = PBXFileReference; lastKnownFileType = sourcecode.c.c; name = hgrid.c; path = ../../source/hgrid.c; sourceTree = "<group>"; };
		FD5005A7248778CF00A8E383 /* ca.h */ = {isa = PBXFileReference; lastKnownFileType = sourcecode.c.h; name = ca.h; path = ../../source/ca.h; sourceTree = "<group>"; };
		FD5005A8248778CF00A8E383 /* ca.c */ = {isa = PBXFileReference; lastKnownFileType = sourcecode.c.c; name = ca.c; path = ../../source/ca.c; sourceTree = "<group>"; };
		FD5005AA24877A9500A8E383 /* parameters.h */ = {isa = PBXFileReference; lastKnownFileType = sourcecode.c.h; name = parameters.h; path = ../../source/parameters.h; sourceTree = "<group>"; };
		FD5005AB24877A9500A8E383 /* parameters.c */ = {isa = PBXFileReference; lastKnownFileType = sourcecode.c.c; name = parameters.c; path = ../../source/parameters.c; sourceTree = "<group>"; };
		FD5175242489FB2900E59A65 /* help.h */ = {isa = PBXFileReference; lastKnownFileType = sourcecode.c.h; name = help.h; path = ../../source/help.h; sourceTree = "<group>"; };
		FD5175252489FB2900E59A65 /* help.c */ = {isa = PBXFileReference; lastKnownFileType = sourcecode.c.c; name = help.c; path = ../../source/help.c; sourceTree = "<group>"; };
		FD5175272489FBA200E59A65 /* commands.h */ = {isa = PBXFileReference; lastKnownFileType = sourcecode.c.h; name = commands.h; path = ../../source/commands.h; sourceTree = "<group>"; };
		FD5175282489FBA200E59A65 /* commands.c */ = {isa = PBXFileReference; lastKnownFileType = sourcecode.c.c; name = commands.c; path = ../../source/commands.c; sourceTree = "<group>"; };
/* End PBXFileReference section */

/* Begin PBXFrameworksBuildPhase section */
		FD50058E248770E800A8E383 /* Frameworks */ = {
			isa = PBXFrameworksBuildPhase;
			buildActionMask = 2147483647;
			files = (
			);
			runOnlyForDeploymentPostprocessing = 0;
		};
/* End PBXFrameworksBuildPhase section */

/* Begin PBXGroup section */
		FD500588248770E800A8E383 = {
			isa = PBXGroup;
			children = (
				FD500593248770E800A8E383 /* ua */,
				FD500592248770E800A8E383 /* Products */,
			);
			sourceTree = "<group>";
		};
		FD500592248770E800A8E383 /* Products */ = {
			isa = PBXGroup;
			children = (
				FD500591248770E800A8E383 /* ua */,
			);
			name = Products;
			sourceTree = "<group>";
		};
		FD500593248770E800A8E383 /* ua */ = {
			isa = PBXGroup;
			children = (
				FD50059B2487713900A8E383 /* main.c */,
				FD50059D2487714F00A8E383 /* structures.h */,
				FD50059E2487730E00A8E383 /* vector.h */,
				FD50059F2487730E00A8E383 /* vector.c */,
				FD5005A12487754400A8E383 /* io.h */,
				FD5005A22487754400A8E383 /* io.c */,
				FD38600D248C4A7600B51168 /* converter.c */,
				FD38600C248C4A7600B51168 /* converter.h */,
				FD5005A42487788D00A8E383 /* hgrid.h */,
				FD5005A52487788D00A8E383 /* hgrid.c */,
				FD5005A7248778CF00A8E383 /* ca.h */,
				FD5005A8248778CF00A8E383 /* ca.c */,
				FD5005AA24877A9500A8E383 /* parameters.h */,
				FD5005AB24877A9500A8E383 /* parameters.c */,
				FD5175242489FB2900E59A65 /* help.h */,
				FD5175252489FB2900E59A65 /* help.c */,
				FD5175272489FBA200E59A65 /* commands.h */,
				FD5175282489FBA200E59A65 /* commands.c */,
			);
			path = ua;
			sourceTree = "<group>";
		};
/* End PBXGroup section */

/* Begin PBXNativeTarget section */
		FD500590248770E800A8E383 /* ua */ = {
			isa = PBXNativeTarget;
			buildConfigurationList = FD500598248770E800A8E383 /* Build configuration list for PBXNativeTarget "ua" */;
			buildPhases = (
				FD50058D248770E800A8E383 /* Sources */,
				FD50058E248770E800A8E383 /* Frameworks */,
				FD50058F248770E800A8E383 /* CopyFiles */,
			);
			buildRules = (
			);
			dependencies = (
			);
			name = ua;
			productName = ua;
			productReference = FD500591248770E800A8E383 /* ua */;
			productType = "com.apple.product-type.tool";
		};
/* End PBXNativeTarget section */

/* Begin PBXProject section */
		FD500589248770E800A8E383 /* Project object */ = {
			isa = PBXProject;
			attributes = {
				LastUpgradeCheck = 1150;
				ORGANIZATIONNAME = "Daniel Rehman";
				TargetAttributes = {
					FD500590248770E800A8E383 = {
						CreatedOnToolsVersion = 11.5;
					};
				};
			};
			buildConfigurationList = FD50058C248770E800A8E383 /* Build configuration list for PBXProject "ua" */;
			compatibilityVersion = "Xcode 9.3";
			developmentRegion = en;
			hasScannedForEncodings = 0;
			knownRegions = (
				en,
				Base,
			);
			mainGroup = FD500588248770E800A8E383;
			productRefGroup = FD500592248770E800A8E383 /* Products */;
			projectDirPath = "";
			projectRoot = "";
			targets = (
				FD500590248770E800A8E383 /* ua */,
			);
		};
/* End PBXProject section */

/* Begin PBXSourcesBuildPhase section */
		FD50058D248770E800A8E383 /* Sources */ = {
			isa = PBXSourcesBuildPhase;
			buildActionMask = 2147483647;
			files = (
				FD38600E248C4A7600B51168 /* converter.c in Sources */,
				FD5005A02487730E00A8E383 /* vector.c in Sources */,
				FD5005AC24877A9500A8E383 /* parameters.c in Sources */,
				FD5175262489FB2900E59A65 /* help.c in Sources */,
				FD5005A32487754400A8E383 /* io.c in Sources */,
				FD5005A9248778CF00A8E383 /* ca.c in Sources */,
				FD5175292489FBA200E59A65 /* commands.c in Sources */,
				FD50059C2487713900A8E383 /* main.c in Sources */,
				FD5005A62487788D00A8E383 /* hgrid.c in Sources */,
			);
			runOnlyForDeploymentPostprocessing = 0;
		};
/* End PBXSourcesBuildPhase section */

/* Begin XCBuildConfiguration section */
		FD500596248770E800A8E383 /* Debug */ = {
			isa = XCBuildConfiguration;
			buildSettings = {
				ALWAYS_SEARCH_USER_PATHS = NO;
				CLANG_ANALYZER_NONNULL = YES;
				CLANG_ANALYZER_NUMBER_OBJECT_CONVERSION = YES_AGGRESSIVE;
				CLANG_CXX_LANGUAGE_STANDARD = "gnu++14";
				CLANG_CXX_LIBRARY = "libc++";
				CLANG_ENABLE_MODULES = YES;
				CLANG_ENABLE_OBJC_ARC = YES;
				CLANG_ENABLE_OBJC_WEAK = YES;
				CLANG_WARN_BLOCK_CAPTURE_AUTORELEASING = YES;
				CLANG_WARN_BOOL_CONVERSION = YES;
				CLANG_WARN_COMMA = YES;
				CLANG_WARN_CONSTANT_CONVERSION = YES;
				CLANG_WARN_DEPRECATED_OBJC_IMPLEMENTATIONS = YES;
				CLANG_WARN_DIRECT_OBJC_ISA_USAGE = YES_ERROR;
				CLANG_WARN_DOCUMENTATION_COMMENTS = YES;
				CLANG_WARN_EMPTY_BODY = YES;
				CLANG_WARN_ENUM_CONVERSION = YES;
				CLANG_WARN_INFINITE_RECURSION = YES;
				CLANG_WARN_INT_CONVERSION = YES;
				CLANG_WARN_NON_LITERAL_NULL_CONVERSION = YES;
				CLANG_WARN_OBJC_IMPLICIT_RETAIN_SELF = YES;
				CLANG_WARN_OBJC_LITERAL_CONVERSION = YES;
				CLANG_WARN_OBJC_ROOT_CLASS = YES_ERROR;
				CLANG_WARN_RANGE_LOOP_ANALYSIS = YES;
				CLANG_WARN_STRICT_PROTOTYPES = YES;
				CLANG_WARN_SUSPICIOUS_MOVE = YES;
				CLANG_WARN_UNGUARDED_AVAILABILITY = YES_AGGRESSIVE;
				CLANG_WARN_UNREACHABLE_CODE = YES;
				CLANG_WARN__DUPLICATE_METHOD_MATCH = YES;
				COPY_PHASE_STRIP = NO;
				DEBUG_INFORMATION_FORMAT = dwarf;
				ENABLE_STRICT_OBJC_MSGSEND = YES;
				ENABLE_TESTABILITY = YES;
				GCC_C_LANGUAGE_STANDARD = gnu11;
				GCC_DYNAMIC_NO_PIC = NO;
				GCC_NO_COMMON_BLOCKS = YES;
				GCC_OPTIMIZATION_LEVEL = 0;
				GCC_PREPROCESSOR_DEFINITIONS = (
					"DEBUG=1",
					"$(inherited)",
				);
				GCC_WARN_64_TO_32_BIT_CONVERSION = YES;
				GCC_WARN_ABOUT_RETURN_TYPE = YES_ERROR;
				GCC_WARN_UNDECLARED_SELECTOR = YES;
				GCC_WARN_UNINITIALIZED_AUTOS = YES_AGGRESSIVE;
				GCC_WARN_UNUSED_FUNCTION = YES;
				GCC_WARN_UNUSED_VARIABLE = YES;
				MACOSX_DEPLOYMENT_TARGET = 10.15;
				MTL_ENABLE_DEBUG_INFO = INCLUDE_SOURCE;
				MTL_FAST_MATH = YES;
				ONLY_ACTIVE_ARCH = YES;
				SDKROOT = macosx;
			};
			name = Debug;
		};
		FD500597248770E800A8E383 /* Release */ = {
			isa = XCBuildConfiguration;
			buildSettings = {
				ALWAYS_SEARCH_USER_PATHS = NO;
				CLANG_ANALYZER_NONNULL = YES;
				CLANG_ANALYZER_NUMBER_OBJECT_CONVERSION = YES_AGGRESSIVE;
				CLANG_CXX_LANGUAGE_STANDARD = "gnu++14";
				CLANG_CXX_LIBRARY = "libc++";
				CLANG_ENABLE_MODULES = YES;
				CLANG_ENABLE_OBJC_ARC = YES;
				CLANG_ENABLE_OBJC_WEAK = YES;
				CLANG_WARN_BLOCK_CAPTURE_AUTORELEASING = YES;
				CLANG_WARN_BOOL_CONVERSION = YES;
				CLANG_WARN_COMMA = YES;
				CLANG_WARN_CONSTANT_CONVERSION = YES;
				CLANG_WARN_DEPRECATED_OBJC_IMPLEMENTATIONS = YES;
				CLANG_WARN_DIRECT_OBJC_ISA_USAGE = YES_ERROR;
				CLANG_WARN_DOCUMENTATION_COMMENTS = YES;
				CLANG_WARN_EMPTY_BODY = YES;
				CLANG_WARN_ENUM_CONVERSION = YES;
				CLANG_WARN_INFINITE_RECURSION = YES;
				CLANG_WARN_INT_CONVERSION = YES;
				CLANG_WARN_NON_LITERAL_NULL_CONVERSION = YES;
				CLANG_WARN_OBJC_IMPLICIT_RETAIN_SELF = YES;
				CLANG_WARN_OBJC_LITERAL_CONVERSION = YES;
				CLANG_WARN_OBJC_ROOT_CLASS = YES_ERROR;
				CLANG_WARN_RANGE_LOOP_ANALYSIS = YES;
				CLANG_WARN_STRICT_PROTOTYPES = YES;
				CLANG_WARN_SUSPICIOUS_MOVE = YES;
				CLANG_WARN_UNGUARDED_AVAILABILITY = YES_AGGRESSIVE;
				CLANG_WARN_UNREACHABLE_CODE = YES;
				CLANG_WARN__DUPLICATE_METHOD_MATCH = YES;
				COPY_PHASE_STRIP = NO;
				DEBUG_INFORMATION_FORMAT = "dwarf-with-dsym";
				ENABLE_NS_ASSERTIONS = NO;
				ENABLE_STRICT_OBJC_MSGSEND = YES;
				GCC_C_LANGUAGE_STANDARD = gnu11;
				GCC_NO_COMMON_BLOCKS = YES;
				GCC_WARN_64_TO_32_BIT_CONVERSION = YES;
				GCC_WARN_ABOUT_RETURN_TYPE = YES_ERROR;
				GCC_WARN_UNDECLARED_SELECTOR = YES;
				GCC_WARN_UNINITIALIZED_AUTOS = YES_AGGRESSIVE;
				GCC_WARN_UNUSED_FUNCTION = YES;
				GCC_WARN_UNUSED_VARIABLE = YES;
				MACOSX_DEPLOYMENT_TARGET = 10.15;
				MTL_ENABLE_DEBUG_INFO = NO;
				MTL_FAST_MATH = YES;
				SDKROOT = macosx;
			};
			name = Release;
		};
		FD500599248770E800A8E383 /* Debug */ = {
			isa = XCBuildConfiguration;
			buildSettings = {
				CODE_SIGN_STYLE = Automatic;
				DEVELOPMENT_TEAM = JTMD2SW5KN;
				ENABLE_HARDENED_RUNTIME = YES;
				OTHER_LDFLAGS = "-lreadline";
				PRODUCT_NAME = "$(TARGET_NAME)";
			};
			name = Debug;
		};
		FD50059A248770E800A8E383 /* Release */ = {
			isa = XCBuildConfiguration;
			buildSettings = {
				CODE_SIGN_STYLE = Automatic;
				DEVELOPMENT_TEAM = JTMD2SW5KN;
				ENABLE_HARDENED_RUNTIME = YES;
				OTHER_LDFLAGS = "-lreadline";
				PRODUCT_NAME = "$(TARGET_NAME)";
			};
			name = Release;
		};
/* End XCBuildConfiguration section */

/* Begin XCConfigurationList section */
		FD50058C248770E800A8E383 /* Build configuration list for PBXProject "ua" */ = {
			isa = XCConfigurationList;
			buildConfigurations = (
				FD500596248770E800A8E383 /* Debug */,
				FD500597248770E800A8E383 /* Release */,
			);
			defaultConfigurationIsVisible = 0;
			defaultConfigurationName = Release;
		};
		FD500598248770E800A8E383 /* Build configuration list for PBXNativeTarget "ua" */ = {
			isa = XCConfigurationList;
			buildConfigurations = (
				FD500599248770E800A8E383 /* Debug */,
				FD50059A248770E800A8E383 /* Release */,
			);
			defaultConfigurationIsVisible = 0;
			defaultConfigurationName = Release;
		};
/* End XCConfigurationList section */
	};
	rootObject = FD500589248770E800A8E383 /* Project object */;
}
