// !$*UTF8*$!
{
	archiveVersion = 1;
	classes = {
	};
	objectVersion = 50;
	objects = {

/* Begin PBXBuildFile section */
		FDCD381C2355400B00DCA1C8 /* main.c in Sources */ = {isa = PBXBuildFile; fileRef = FDCD381B2355400B00DCA1C8 /* main.c */; };
/* End PBXBuildFile section */

/* Begin PBXCopyFilesBuildPhase section */
		FDCD38162355400B00DCA1C8 /* CopyFiles */ = {
			isa = PBXCopyFilesBuildPhase;
			buildActionMask = 2147483647;
			dstPath = /usr/share/man/man1/;
			dstSubfolderSpec = 0;
			files = (
			);
			runOnlyForDeploymentPostprocessing = 1;
		};
/* End PBXCopyFilesBuildPhase section */

/* Begin PBXFileReference section */
		FDCD38182355400B00DCA1C8 /* rpn */ = {isa = PBXFileReference; explicitFileType = "compiled.mach-o.executable"; includeInIndex = 0; path = rpn; sourceTree = BUILT_PRODUCTS_DIR; };
		FDCD381B2355400B00DCA1C8 /* main.c */ = {isa = PBXFileReference; lastKnownFileType = sourcecode.c.c; path = main.c; sourceTree = "<group>"; };
/* End PBXFileReference section */

/* Begin PBXFrameworksBuildPhase section */
		FDCD38152355400B00DCA1C8 /* Frameworks */ = {
			isa = PBXFrameworksBuildPhase;
			buildActionMask = 2147483647;
			files = (
			);
			runOnlyForDeploymentPostprocessing = 0;
		};
/* End PBXFrameworksBuildPhase section */

/* Begin PBXGroup section */
		FDCD380F2355400B00DCA1C8 = {
			isa = PBXGroup;
			children = (
				FDCD381A2355400B00DCA1C8 /* rpn */,
				FDCD38192355400B00DCA1C8 /* Products */,
			);
			sourceTree = "<group>";
		};
		FDCD38192355400B00DCA1C8 /* Products */ = {
			isa = PBXGroup;
			children = (
				FDCD38182355400B00DCA1C8 /* rpn */,
			);
			name = Products;
			sourceTree = "<group>";
		};
		FDCD381A2355400B00DCA1C8 /* rpn */ = {
			isa = PBXGroup;
			children = (
				FDCD381B2355400B00DCA1C8 /* main.c */,
			);
			path = rpn;
			sourceTree = "<group>";
		};
/* End PBXGroup section */

/* Begin PBXNativeTarget section */
		FDCD38172355400B00DCA1C8 /* rpn */ = {
			isa = PBXNativeTarget;
			buildConfigurationList = FDCD381F2355400B00DCA1C8 /* Build configuration list for PBXNativeTarget "rpn" */;
			buildPhases = (
				FDCD38142355400B00DCA1C8 /* Sources */,
				FDCD38152355400B00DCA1C8 /* Frameworks */,
				FDCD38162355400B00DCA1C8 /* CopyFiles */,
			);
			buildRules = (
			);
			dependencies = (
			);
			name = rpn;
			productName = rpn;
			productReference = FDCD38182355400B00DCA1C8 /* rpn */;
			productType = "com.apple.product-type.tool";
		};
/* End PBXNativeTarget section */

/* Begin PBXProject section */
		FDCD38102355400B00DCA1C8 /* Project object */ = {
			isa = PBXProject;
			attributes = {
				LastUpgradeCheck = 1110;
				ORGANIZATIONNAME = "Daniel Rehman";
				TargetAttributes = {
					FDCD38172355400B00DCA1C8 = {
						CreatedOnToolsVersion = 11.1;
					};
				};
			};
			buildConfigurationList = FDCD38132355400B00DCA1C8 /* Build configuration list for PBXProject "rpn" */;
			compatibilityVersion = "Xcode 9.3";
			developmentRegion = en;
			hasScannedForEncodings = 0;
			knownRegions = (
				en,
				Base,
			);
			mainGroup = FDCD380F2355400B00DCA1C8;
			productRefGroup = FDCD38192355400B00DCA1C8 /* Products */;
			projectDirPath = "";
			projectRoot = "";
			targets = (
				FDCD38172355400B00DCA1C8 /* rpn */,
			);
		};
/* End PBXProject section */

/* Begin PBXSourcesBuildPhase section */
		FDCD38142355400B00DCA1C8 /* Sources */ = {
			isa = PBXSourcesBuildPhase;
			buildActionMask = 2147483647;
			files = (
				FDCD381C2355400B00DCA1C8 /* main.c in Sources */,
			);
			runOnlyForDeploymentPostprocessing = 0;
		};
/* End PBXSourcesBuildPhase section */

/* Begin XCBuildConfiguration section */
		FDCD381D2355400B00DCA1C8 /* Debug */ = {
			isa = XCBuildConfiguration;
			buildSettings = {
				GCC_OPTIMIZATION_LEVEL = 0;
				MTL_FAST_MATH = YES;
			};
			name = Debug;
		};
		FDCD381E2355400B00DCA1C8 /* Release */ = {
			isa = XCBuildConfiguration;
			buildSettings = {
				MTL_FAST_MATH = YES;
			};
			name = Release;
		};
		FDCD38202355400B00DCA1C8 /* Debug */ = {
			isa = XCBuildConfiguration;
			buildSettings = {
				CODE_SIGN_STYLE = Automatic;
				DEVELOPMENT_TEAM = JTMD2SW5KN;
				ENABLE_HARDENED_RUNTIME = YES;
				GCC_C_LANGUAGE_STANDARD = c11;
				PRODUCT_NAME = "$(TARGET_NAME)";
				SYSTEM_HEADER_SEARCH_PATHS = "/Applications/Xcode.app/Contents/Developer/Toolchains/XcodeDefault.xctoolchain/usr/include/c++/v1";
				WARNING_CFLAGS = "-Wall";
			};
			name = Debug;
		};
		FDCD38212355400B00DCA1C8 /* Release */ = {
			isa = XCBuildConfiguration;
			buildSettings = {
				CODE_SIGN_STYLE = Automatic;
				DEVELOPMENT_TEAM = JTMD2SW5KN;
				ENABLE_HARDENED_RUNTIME = YES;
				GCC_C_LANGUAGE_STANDARD = c11;
				PRODUCT_NAME = "$(TARGET_NAME)";
				SYSTEM_HEADER_SEARCH_PATHS = "/Applications/Xcode.app/Contents/Developer/Toolchains/XcodeDefault.xctoolchain/usr/include/c++/v1";
				WARNING_CFLAGS = "-Wall";
			};
			name = Release;
		};
/* End XCBuildConfiguration section */

/* Begin XCConfigurationList section */
		FDCD38132355400B00DCA1C8 /* Build configuration list for PBXProject "rpn" */ = {
			isa = XCConfigurationList;
			buildConfigurations = (
				FDCD381D2355400B00DCA1C8 /* Debug */,
				FDCD381E2355400B00DCA1C8 /* Release */,
			);
			defaultConfigurationIsVisible = 0;
			defaultConfigurationName = Release;
		};
		FDCD381F2355400B00DCA1C8 /* Build configuration list for PBXNativeTarget "rpn" */ = {
			isa = XCConfigurationList;
			buildConfigurations = (
				FDCD38202355400B00DCA1C8 /* Debug */,
				FDCD38212355400B00DCA1C8 /* Release */,
			);
			defaultConfigurationIsVisible = 0;
			defaultConfigurationName = Release;
		};
/* End XCConfigurationList section */
	};
	rootObject = FDCD38102355400B00DCA1C8 /* Project object */;
}
